
Microsoft Visual Studio Solution File, Format Version 12.00
# Visual Studio Version 16
VisualStudioVersion = 16.0.30907.101
MinimumVisualStudioVersion = 10.0.40219.1
Project("{888888A0-9F3D-457C-B088-3A5042F75D52}") = "BasicAlgorithmsOfCryptography", "BasicAlgorithmsOfCryptography.pyproj", "{38AB8E94-FD00-4FEC-91B9-5E14A20CE5B9}"
EndProject
Global
	GlobalSection(SolutionConfigurationPlatforms) = preSolution
		Debug|Any CPU = Debug|Any CPU
		Release|Any CPU = Release|Any CPU
	EndGlobalSection
	GlobalSection(ProjectConfigurationPlatforms) = postSolution
		{38AB8E94-FD00-4FEC-91B9-5E14A20CE5B9}.Debug|Any CPU.ActiveCfg = Debug|Any CPU
		{38AB8E94-FD00-4FEC-91B9-5E14A20CE5B9}.Release|Any CPU.ActiveCfg = Release|Any CPU
	EndGlobalSection
	GlobalSection(SolutionProperties) = preSolution
		HideSolutionNode = FALSE
	EndGlobalSection
	GlobalSection(ExtensibilityGlobals) = postSolution
		SolutionGuid = {3A6EA7B8-3938-43CA-BCD1-8E0191C98959}
	EndGlobalSection
EndGlobal
